// !$*UTF8*$!
{
	archiveVersion = 1;
	classes = {
	};
	objectVersion = 46;
	objects = {

/* Begin PBXBuildFile section */
		255DB4F11A017B0B00DF1C72 /* MapKit.framework in Frameworks */ = {isa = PBXBuildFile; fileRef = 255DB4F01A017B0A00DF1C72 /* MapKit.framework */; };
		255DB4F31A02D1E100DF1C72 /* SwiftyJSON.swift in Sources */ = {isa = PBXBuildFile; fileRef = 255DB4F21A02D1E100DF1C72 /* SwiftyJSON.swift */; };
		2588D6E91A0171F900CBD7C7 /* AppDelegate.swift in Sources */ = {isa = PBXBuildFile; fileRef = 2588D6E81A0171F900CBD7C7 /* AppDelegate.swift */; };
		2588D6EC1A0171F900CBD7C7 /* TestSwift.xcdatamodeld in Sources */ = {isa = PBXBuildFile; fileRef = 2588D6EA1A0171F900CBD7C7 /* TestSwift.xcdatamodeld */; };
		2588D6EE1A0171F900CBD7C7 /* ViewController.swift in Sources */ = {isa = PBXBuildFile; fileRef = 2588D6ED1A0171F900CBD7C7 /* ViewController.swift */; };
		2588D6F11A0171F900CBD7C7 /* Main.storyboard in Resources */ = {isa = PBXBuildFile; fileRef = 2588D6EF1A0171F900CBD7C7 /* Main.storyboard */; };
		2588D6F31A0171F900CBD7C7 /* Images.xcassets in Resources */ = {isa = PBXBuildFile; fileRef = 2588D6F21A0171F900CBD7C7 /* Images.xcassets */; };
		2588D6F61A0171F900CBD7C7 /* LaunchScreen.xib in Resources */ = {isa = PBXBuildFile; fileRef = 2588D6F41A0171F900CBD7C7 /* LaunchScreen.xib */; };
		2588D7021A0171F900CBD7C7 /* TestSwiftTests.swift in Sources */ = {isa = PBXBuildFile; fileRef = 2588D7011A0171F900CBD7C7 /* TestSwiftTests.swift */; };
/* End PBXBuildFile section */

/* Begin PBXContainerItemProxy section */
		2588D6FC1A0171F900CBD7C7 /* PBXContainerItemProxy */ = {
			isa = PBXContainerItemProxy;
			containerPortal = 2588D6DB1A0171F800CBD7C7 /* Project object */;
			proxyType = 1;
			remoteGlobalIDString = 2588D6E21A0171F900CBD7C7;
			remoteInfo = TestSwift;
		};
/* End PBXContainerItemProxy section */

/* Begin PBXFileReference section */
		255DB4F01A017B0A00DF1C72 /* MapKit.framework */ = {isa = PBXFileReference; lastKnownFileType = wrapper.framework; name = MapKit.framework; path = System/Library/Frameworks/MapKit.framework; sourceTree = SDKROOT; };
		255DB4F21A02D1E100DF1C72 /* SwiftyJSON.swift */ = {isa = PBXFileReference; fileEncoding = 4; lastKnownFileType = sourcecode.swift; path = SwiftyJSON.swift; sourceTree = "<group>"; };
		2588D6E31A0171F900CBD7C7 /* TestSwift.app */ = {isa = PBXFileReference; explicitFileType = wrapper.application; includeInIndex = 0; path = TestSwift.app; sourceTree = BUILT_PRODUCTS_DIR; };
		2588D6E71A0171F900CBD7C7 /* Info.plist */ = {isa = PBXFileReference; lastKnownFileType = text.plist.xml; path = Info.plist; sourceTree = "<group>"; };
		2588D6E81A0171F900CBD7C7 /* AppDelegate.swift */ = {isa = PBXFileReference; lastKnownFileType = sourcecode.swift; path = AppDelegate.swift; sourceTree = "<group>"; };
		2588D6EB1A0171F900CBD7C7 /* TestSwift.xcdatamodel */ = {isa = PBXFileReference; lastKnownFileType = wrapper.xcdatamodel; path = TestSwift.xcdatamodel; sourceTree = "<group>"; };
		2588D6ED1A0171F900CBD7C7 /* ViewController.swift */ = {isa = PBXFileReference; lastKnownFileType = sourcecode.swift; path = ViewController.swift; sourceTree = "<group>"; };
		2588D6F01A0171F900CBD7C7 /* Base */ = {isa = PBXFileReference; lastKnownFileType = file.storyboard; name = Base; path = Base.lproj/Main.storyboard; sourceTree = "<group>"; };
		2588D6F21A0171F900CBD7C7 /* Images.xcassets */ = {isa = PBXFileReference; lastKnownFileType = folder.assetcatalog; path = Images.xcassets; sourceTree = "<group>"; };
		2588D6F51A0171F900CBD7C7 /* Base */ = {isa = PBXFileReference; lastKnownFileType = file.xib; name = Base; path = Base.lproj/LaunchScreen.xib; sourceTree = "<group>"; };
		2588D6FB1A0171F900CBD7C7 /* TestSwiftTests.xctest */ = {isa = PBXFileReference; explicitFileType = wrapper.cfbundle; includeInIndex = 0; path = TestSwiftTests.xctest; sourceTree = BUILT_PRODUCTS_DIR; };
		2588D7001A0171F900CBD7C7 /* Info.plist */ = {isa = PBXFileReference; lastKnownFileType = text.plist.xml; path = Info.plist; sourceTree = "<group>"; };
		2588D7011A0171F900CBD7C7 /* TestSwiftTests.swift */ = {isa = PBXFileReference; lastKnownFileType = sourcecode.swift; path = TestSwiftTests.swift; sourceTree = "<group>"; };
/* End PBXFileReference section */

/* Begin PBXFrameworksBuildPhase section */
		2588D6E01A0171F900CBD7C7 /* Frameworks */ = {
			isa = PBXFrameworksBuildPhase;
			buildActionMask = 2147483647;
			files = (
				255DB4F11A017B0B00DF1C72 /* MapKit.framework in Frameworks */,
			);
			runOnlyForDeploymentPostprocessing = 0;
		};
		2588D6F81A0171F900CBD7C7 /* Frameworks */ = {
			isa = PBXFrameworksBuildPhase;
			buildActionMask = 2147483647;
			files = (
			);
			runOnlyForDeploymentPostprocessing = 0;
		};
/* End PBXFrameworksBuildPhase section */

/* Begin PBXGroup section */
		2588D6DA1A0171F800CBD7C7 = {
			isa = PBXGroup;
			children = (
				255DB4F01A017B0A00DF1C72 /* MapKit.framework */,
				2588D6E51A0171F900CBD7C7 /* TestSwift */,
				2588D6FE1A0171F900CBD7C7 /* TestSwiftTests */,
				2588D6E41A0171F900CBD7C7 /* Products */,
			);
			sourceTree = "<group>";
		};
		2588D6E41A0171F900CBD7C7 /* Products */ = {
			isa = PBXGroup;
			children = (
				2588D6E31A0171F900CBD7C7 /* TestSwift.app */,
				2588D6FB1A0171F900CBD7C7 /* TestSwiftTests.xctest */,
			);
			name = Products;
			sourceTree = "<group>";
		};
		2588D6E51A0171F900CBD7C7 /* TestSwift */ = {
			isa = PBXGroup;
			children = (
				2588D6E81A0171F900CBD7C7 /* AppDelegate.swift */,
				2588D6ED1A0171F900CBD7C7 /* ViewController.swift */,
				2588D6EF1A0171F900CBD7C7 /* Main.storyboard */,
				2588D6F21A0171F900CBD7C7 /* Images.xcassets */,
				2588D6F41A0171F900CBD7C7 /* LaunchScreen.xib */,
				2588D6EA1A0171F900CBD7C7 /* TestSwift.xcdatamodeld */,
				255DB4F21A02D1E100DF1C72 /* SwiftyJSON.swift */,
				2588D6E61A0171F900CBD7C7 /* Supporting Files */,
			);
			path = TestSwift;
			sourceTree = "<group>";
		};
		2588D6E61A0171F900CBD7C7 /* Supporting Files */ = {
			isa = PBXGroup;
			children = (
				2588D6E71A0171F900CBD7C7 /* Info.plist */,
			);
			name = "Supporting Files";
			sourceTree = "<group>";
		};
		2588D6FE1A0171F900CBD7C7 /* TestSwiftTests */ = {
			isa = PBXGroup;
			children = (
				2588D7011A0171F900CBD7C7 /* TestSwiftTests.swift */,
				2588D6FF1A0171F900CBD7C7 /* Supporting Files */,
			);
			path = TestSwiftTests;
			sourceTree = "<group>";
		};
		2588D6FF1A0171F900CBD7C7 /* Supporting Files */ = {
			isa = PBXGroup;
			children = (
				2588D7001A0171F900CBD7C7 /* Info.plist */,
			);
			name = "Supporting Files";
			sourceTree = "<group>";
		};
/* End PBXGroup section */

/* Begin PBXNativeTarget section */
		2588D6E21A0171F900CBD7C7 /* TestSwift */ = {
			isa = PBXNativeTarget;
			buildConfigurationList = 2588D7051A0171F900CBD7C7 /* Build configuration list for PBXNativeTarget "TestSwift" */;
			buildPhases = (
				2588D6DF1A0171F900CBD7C7 /* Sources */,
				2588D6E01A0171F900CBD7C7 /* Frameworks */,
				2588D6E11A0171F900CBD7C7 /* Resources */,
			);
			buildRules = (
			);
			dependencies = (
			);
			name = TestSwift;
			productName = TestSwift;
			productReference = 2588D6E31A0171F900CBD7C7 /* TestSwift.app */;
			productType = "com.apple.product-type.application";
		};
		2588D6FA1A0171F900CBD7C7 /* TestSwiftTests */ = {
			isa = PBXNativeTarget;
			buildConfigurationList = 2588D7081A0171F900CBD7C7 /* Build configuration list for PBXNativeTarget "TestSwiftTests" */;
			buildPhases = (
				2588D6F71A0171F900CBD7C7 /* Sources */,
				2588D6F81A0171F900CBD7C7 /* Frameworks */,
				2588D6F91A0171F900CBD7C7 /* Resources */,
			);
			buildRules = (
			);
			dependencies = (
				2588D6FD1A0171F900CBD7C7 /* PBXTargetDependency */,
			);
			name = TestSwiftTests;
			productName = TestSwiftTests;
			productReference = 2588D6FB1A0171F900CBD7C7 /* TestSwiftTests.xctest */;
			productType = "com.apple.product-type.bundle.unit-test";
		};
/* End PBXNativeTarget section */

/* Begin PBXProject section */
		2588D6DB1A0171F800CBD7C7 /* Project object */ = {
			isa = PBXProject;
			attributes = {
				LastUpgradeCheck = 0610;
				ORGANIZATIONNAME = "Bram Koot";
				TargetAttributes = {
					2588D6E21A0171F900CBD7C7 = {
						CreatedOnToolsVersion = 6.1;
						DevelopmentTeam = NRBWQ5V9RU;
					};
					2588D6FA1A0171F900CBD7C7 = {
						CreatedOnToolsVersion = 6.1;
						TestTargetID = 2588D6E21A0171F900CBD7C7;
					};
				};
			};
			buildConfigurationList = 2588D6DE1A0171F800CBD7C7 /* Build configuration list for PBXProject "TestSwift" */;
			compatibilityVersion = "Xcode 3.2";
			developmentRegion = English;
			hasScannedForEncodings = 0;
			knownRegions = (
				en,
				Base,
			);
			mainGroup = 2588D6DA1A0171F800CBD7C7;
			productRefGroup = 2588D6E41A0171F900CBD7C7 /* Products */;
			projectDirPath = "";
			projectRoot = "";
			targets = (
				2588D6E21A0171F900CBD7C7 /* TestSwift */,
				2588D6FA1A0171F900CBD7C7 /* TestSwiftTests */,
			);
		};
/* End PBXProject section */

/* Begin PBXResourcesBuildPhase section */
		2588D6E11A0171F900CBD7C7 /* Resources */ = {
			isa = PBXResourcesBuildPhase;
			buildActionMask = 2147483647;
			files = (
				2588D6F11A0171F900CBD7C7 /* Main.storyboard in Resources */,
				2588D6F61A0171F900CBD7C7 /* LaunchScreen.xib in Resources */,
				2588D6F31A0171F900CBD7C7 /* Images.xcassets in Resources */,
			);
			runOnlyForDeploymentPostprocessing = 0;
		};
		2588D6F91A0171F900CBD7C7 /* Resources */ = {
			isa = PBXResourcesBuildPhase;
			buildActionMask = 2147483647;
			files = (
			);
			runOnlyForDeploymentPostprocessing = 0;
		};
/* End PBXResourcesBuildPhase section */

/* Begin PBXSourcesBuildPhase section */
		2588D6DF1A0171F900CBD7C7 /* Sources */ = {
			isa = PBXSourcesBuildPhase;
			buildActionMask = 2147483647;
			files = (
				2588D6EE1A0171F900CBD7C7 /* ViewController.swift in Sources */,
				2588D6E91A0171F900CBD7C7 /* AppDelegate.swift in Sources */,
				2588D6EC1A0171F900CBD7C7 /* TestSwift.xcdatamodeld in Sources */,
				255DB4F31A02D1E100DF1C72 /* SwiftyJSON.swift in Sources */,
			);
			runOnlyForDeploymentPostprocessing = 0;
		};
		2588D6F71A0171F900CBD7C7 /* Sources */ = {
			isa = PBXSourcesBuildPhase;
			buildActionMask = 2147483647;
			files = (
				2588D7021A0171F900CBD7C7 /* TestSwiftTests.swift in Sources */,
			);
			runOnlyForDeploymentPostprocessing = 0;
		};
/* End PBXSourcesBuildPhase section */

/* Begin PBXTargetDependency section */
		2588D6FD1A0171F900CBD7C7 /* PBXTargetDependency */ = {
			isa = PBXTargetDependency;
			target = 2588D6E21A0171F900CBD7C7 /* TestSwift */;
			targetProxy = 2588D6FC1A0171F900CBD7C7 /* PBXContainerItemProxy */;
		};
/* End PBXTargetDependency section */

/* Begin PBXVariantGroup section */
		2588D6EF1A0171F900CBD7C7 /* Main.storyboard */ = {
			isa = PBXVariantGroup;
			children = (
				2588D6F01A0171F900CBD7C7 /* Base */,
			);
			name = Main.storyboard;
			sourceTree = "<group>";
		};
		2588D6F41A0171F900CBD7C7 /* LaunchScreen.xib */ = {
			isa = PBXVariantGroup;
			children = (
				2588D6F51A0171F900CBD7C7 /* Base */,
			);
			name = LaunchScreen.xib;
			sourceTree = "<group>";
		};
/* End PBXVariantGroup section */

/* Begin XCBuildConfiguration section */
		2588D7031A0171F900CBD7C7 /* Debug */ = {
			isa = XCBuildConfiguration;
			buildSettings = {
				ALWAYS_SEARCH_USER_PATHS = NO;
				CLANG_CXX_LANGUAGE_STANDARD = "gnu++0x";
				CLANG_CXX_LIBRARY = "libc++";
				CLANG_ENABLE_MODULES = YES;
				CLANG_ENABLE_OBJC_ARC = YES;
				CLANG_WARN_BOOL_CONVERSION = YES;
				CLANG_WARN_CONSTANT_CONVERSION = YES;
				CLANG_WARN_DIRECT_OBJC_ISA_USAGE = YES_ERROR;
				CLANG_WARN_EMPTY_BODY = YES;
				CLANG_WARN_ENUM_CONVERSION = YES;
				CLANG_WARN_INT_CONVERSION = YES;
				CLANG_WARN_OBJC_ROOT_CLASS = YES_ERROR;
				CLANG_WARN_UNREACHABLE_CODE = YES;
				CLANG_WARN__DUPLICATE_METHOD_MATCH = YES;
				"CODE_SIGN_IDENTITY[sdk=iphoneos*]" = "iPhone Developer";
				COPY_PHASE_STRIP = NO;
				ENABLE_STRICT_OBJC_MSGSEND = YES;
				GCC_C_LANGUAGE_STANDARD = gnu99;
				GCC_DYNAMIC_NO_PIC = NO;
				GCC_OPTIMIZATION_LEVEL = 0;
				GCC_PREPROCESSOR_DEFINITIONS = (
					"DEBUG=1",
					"$(inherited)",
				);
				GCC_SYMBOLS_PRIVATE_EXTERN = NO;
				GCC_WARN_64_TO_32_BIT_CONVERSION = YES;
				GCC_WARN_ABOUT_RETURN_TYPE = YES_ERROR;
				GCC_WARN_UNDECLARED_SELECTOR = YES;
				GCC_WARN_UNINITIALIZED_AUTOS = YES_AGGRESSIVE;
				GCC_WARN_UNUSED_FUNCTION = YES;
				GCC_WARN_UNUSED_VARIABLE = YES;
				IPHONEOS_DEPLOYMENT_TARGET = 8.1;
				MTL_ENABLE_DEBUG_INFO = YES;
				ONLY_ACTIVE_ARCH = YES;
				SDKROOT = iphoneos;
				SWIFT_OPTIMIZATION_LEVEL = "-Onone";
			};
			name = Debug;
		};
		2588D7041A0171F900CBD7C7 /* Release */ = {
			isa = XCBuildConfiguration;
			buildSettings = {
				ALWAYS_SEARCH_USER_PATHS = NO;
				CLANG_CXX_LANGUAGE_STANDARD = "gnu++0x";
				CLANG_CXX_LIBRARY = "libc++";
				CLANG_ENABLE_MODULES = YES;
				CLANG_ENABLE_OBJC_ARC = YES;
				CLANG_WARN_BOOL_CONVERSION = YES;
				CLANG_WARN_CONSTANT_CONVERSION = YES;
				CLANG_WARN_DIRECT_OBJC_ISA_USAGE = YES_ERROR;
				CLANG_WARN_EMPTY_BODY = YES;
				CLANG_WARN_ENUM_CONVERSION = YES;
				CLANG_WARN_INT_CONVERSION = YES;
				CLANG_WARN_OBJC_ROOT_CLASS = YES_ERROR;
				CLANG_WARN_UNREACHABLE_CODE = YES;
				CLANG_WARN__DUPLICATE_METHOD_MATCH = YES;
				"CODE_SIGN_IDENTITY[sdk=iphoneos*]" = "iPhone Developer";
				COPY_PHASE_STRIP = YES;
				ENABLE_NS_ASSERTIONS = NO;
				ENABLE_STRICT_OBJC_MSGSEND = YES;
				GCC_C_LANGUAGE_STANDARD = gnu99;
				GCC_WARN_64_TO_32_BIT_CONVERSION = YES;
				GCC_WARN_ABOUT_RETURN_TYPE = YES_ERROR;
				GCC_WARN_UNDECLARED_SELECTOR = YES;
				GCC_WARN_UNINITIALIZED_AUTOS = YES_AGGRESSIVE;
				GCC_WARN_UNUSED_FUNCTION = YES;
				GCC_WARN_UNUSED_VARIABLE = YES;
				IPHONEOS_DEPLOYMENT_TARGET = 8.1;
				MTL_ENABLE_DEBUG_INFO = NO;
				SDKROOT = iphoneos;
				VALIDATE_PRODUCT = YES;
			};
			name = Release;
		};
		2588D7061A0171F900CBD7C7 /* Debug */ = {
			isa = XCBuildConfiguration;
			buildSettings = {
				ASSETCATALOG_COMPILER_APPICON_NAME = AppIcon;
				CODE_SIGN_IDENTITY = "iPhone Developer";
				"CODE_SIGN_IDENTITY[sdk=iphoneos*]" = "iPhone Developer";
				INFOPLIST_FILE = TestSwift/Info.plist;
				LD_RUNPATH_SEARCH_PATHS = "$(inherited) @executable_path/Frameworks";
				PRODUCT_NAME = "$(TARGET_NAME)";
				PROVISIONING_PROFILE = "";
			};
			name = Debug;
		};
		2588D7071A0171F900CBD7C7 /* Release */ = {
			isa = XCBuildConfiguration;
			buildSettings = {
				ASSETCATALOG_COMPILER_APPICON_NAME = AppIcon;
				CODE_SIGN_IDENTITY = "iPhone Developer";
				"CODE_SIGN_IDENTITY[sdk=iphoneos*]" = "iPhone Developer";
				INFOPLIST_FILE = TestSwift/Info.plist;
				LD_RUNPATH_SEARCH_PATHS = "$(inherited) @executable_path/Frameworks";
				PRODUCT_NAME = "$(TARGET_NAME)";
				PROVISIONING_PROFILE = "";
			};
			name = Release;
		};
		2588D7091A0171F900CBD7C7 /* Debug */ = {
			isa = XCBuildConfiguration;
			buildSettings = {
				BUNDLE_LOADER = "$(TEST_HOST)";
				FRAMEWORK_SEARCH_PATHS = (
					"$(SDKROOT)/Developer/Library/Frameworks",
					"$(inherited)",
				);
				GCC_PREPROCESSOR_DEFINITIONS = (
					"DEBUG=1",
					"$(inherited)",
				);
				INFOPLIST_FILE = TestSwiftTests/Info.plist;
				LD_RUNPATH_SEARCH_PATHS = "$(inherited) @executable_path/Frameworks @loader_path/Frameworks";
				PRODUCT_NAME = "$(TARGET_NAME)";
				TEST_HOST = "$(BUILT_PRODUCTS_DIR)/TestSwift.app/TestSwift";
			};
			name = Debug;
		};
		2588D70A1A0171F900CBD7C7 /* Release */ = {
			isa = XCBuildConfiguration;
			buildSettings = {
				BUNDLE_LOADER = "$(TEST_HOST)";
				FRAMEWORK_SEARCH_PATHS = (
					"$(SDKROOT)/Developer/Library/Frameworks",
					"$(inherited)",
				);
				INFOPLIST_FILE = TestSwiftTests/Info.plist;
				LD_RUNPATH_SEARCH_PATHS = "$(inherited) @executable_path/Frameworks @loader_path/Frameworks";
				PRODUCT_NAME = "$(TARGET_NAME)";
				TEST_HOST = "$(BUILT_PRODUCTS_DIR)/TestSwift.app/TestSwift";
			};
			name = Release;
		};
/* End XCBuildConfiguration section */

/* Begin XCConfigurationList section */
		2588D6DE1A0171F800CBD7C7 /* Build configuration list for PBXProject "TestSwift" */ = {
			isa = XCConfigurationList;
			buildConfigurations = (
				2588D7031A0171F900CBD7C7 /* Debug */,
				2588D7041A0171F900CBD7C7 /* Release */,
			);
			defaultConfigurationIsVisible = 0;
			defaultConfigurationName = Release;
		};
		2588D7051A0171F900CBD7C7 /* Build configuration list for PBXNativeTarget "TestSwift" */ = {
			isa = XCConfigurationList;
			buildConfigurations = (
				2588D7061A0171F900CBD7C7 /* Debug */,
				2588D7071A0171F900CBD7C7 /* Release */,
			);
			defaultConfigurationIsVisible = 0;
			defaultConfigurationName = Release;
		};
		2588D7081A0171F900CBD7C7 /* Build configuration list for PBXNativeTarget "TestSwiftTests" */ = {
			isa = XCConfigurationList;
			buildConfigurations = (
				2588D7091A0171F900CBD7C7 /* Debug */,
				2588D70A1A0171F900CBD7C7 /* Release */,
			);
			defaultConfigurationIsVisible = 0;
			defaultConfigurationName = Release;
		};
/* End XCConfigurationList section */

/* Begin XCVersionGroup section */
		2588D6EA1A0171F900CBD7C7 /* TestSwift.xcdatamodeld */ = {
			isa = XCVersionGroup;
			children = (
				2588D6EB1A0171F900CBD7C7 /* TestSwift.xcdatamodel */,
			);
			currentVersion = 2588D6EB1A0171F900CBD7C7 /* TestSwift.xcdatamodel */;
			path = TestSwift.xcdatamodeld;
			sourceTree = "<group>";
			versionGroupType = wrapper.xcdatamodel;
		};
/* End XCVersionGroup section */
	};
	rootObject = 2588D6DB1A0171F800CBD7C7 /* Project object */;
}
